// !$*UTF8*$!
{
	archiveVersion = 1;
	classes = {
	};
	objectVersion = 56;
	objects = {

/* Begin PBXBuildFile section */
		610217212B9767D60087DCF8 /* MWVenue.swift in Sources */ = {isa = PBXBuildFile; fileRef = 610217202B9767D60087DCF8 /* MWVenue.swift */; };
		610217232B9771DA0087DCF8 /* MWCustomer.swift in Sources */ = {isa = PBXBuildFile; fileRef = 610217222B9771DA0087DCF8 /* MWCustomer.swift */; };
		610267782B8FB5AD0071C1F3 /* LegalUserInfoView.swift in Sources */ = {isa = PBXBuildFile; fileRef = 610267772B8FB5AD0071C1F3 /* LegalUserInfoView.swift */; };
		610D8F642B95C73E00C92799 /* MWUser.swift in Sources */ = {isa = PBXBuildFile; fileRef = 610D8F632B95C73E00C92799 /* MWUser.swift */; };
		610D8F662B96364800C92799 /* MWSupplier.swift in Sources */ = {isa = PBXBuildFile; fileRef = 610D8F652B96364800C92799 /* MWSupplier.swift */; };
		611C5D7B2BA083880051BEF1 /* StorageService.swift in Sources */ = {isa = PBXBuildFile; fileRef = 611C5D7A2BA083880051BEF1 /* StorageService.swift */; };
		611D14222BA1CA4C000C224B /* IdeaCard.swift in Sources */ = {isa = PBXBuildFile; fileRef = 611D14212BA1CA4C000C224B /* IdeaCard.swift */; };
		612C75812B99ADEC0081E003 /* CustomTabBar.swift in Sources */ = {isa = PBXBuildFile; fileRef = 612C75802B99ADEC0081E003 /* CustomTabBar.swift */; };
		612C75832B99AE130081E003 /* RootView.swift in Sources */ = {isa = PBXBuildFile; fileRef = 612C75822B99AE130081E003 /* RootView.swift */; };
		612C75852B99B9580081E003 /* IdeasView.swift in Sources */ = {isa = PBXBuildFile; fileRef = 612C75842B99B9580081E003 /* IdeasView.swift */; };
		612C758A2B99D5320081E003 /* MWIdea.swift in Sources */ = {isa = PBXBuildFile; fileRef = 612C75892B99D5320081E003 /* MWIdea.swift */; };
		612C758C2B99EE6A0081E003 /* TopBar.swift in Sources */ = {isa = PBXBuildFile; fileRef = 612C758B2B99EE6A0081E003 /* TopBar.swift */; };
		612C758E2B9A0E1F0081E003 /* IdeaCell.swift in Sources */ = {isa = PBXBuildFile; fileRef = 612C758D2B9A0E1E0081E003 /* IdeaCell.swift */; };
		6136A1562B52E4DF00E47975 /* Validatior.swift in Sources */ = {isa = PBXBuildFile; fileRef = 6136A1552B52E4DF00E47975 /* Validatior.swift */; };
		61434B4D2B8779E500370524 /* PlaceLookupView.swift in Sources */ = {isa = PBXBuildFile; fileRef = 61434B4C2B8779E500370524 /* PlaceLookupView.swift */; };
		61434B4F2B877B5B00370524 /* Place.swift in Sources */ = {isa = PBXBuildFile; fileRef = 61434B4E2B877B5B00370524 /* Place.swift */; };
		61434B512B877E8100370524 /* PlaceViewModel.swift in Sources */ = {isa = PBXBuildFile; fileRef = 61434B502B877E8100370524 /* PlaceViewModel.swift */; };
		61434B532B87828500370524 /* LocationManager.swift in Sources */ = {isa = PBXBuildFile; fileRef = 61434B522B87828500370524 /* LocationManager.swift */; };
		6160981D2B9216C700EDF358 /* UpploadPhotoFromWork.swift in Sources */ = {isa = PBXBuildFile; fileRef = 6160981C2B9216C700EDF358 /* UpploadPhotoFromWork.swift */; };
		61640C012B90803D0089E172 /* StageNameInfoView.swift in Sources */ = {isa = PBXBuildFile; fileRef = 61640C002B90803D0089E172 /* StageNameInfoView.swift */; };
		61640C042B90CDF20089E172 /* ProfessionalSkills.swift in Sources */ = {isa = PBXBuildFile; fileRef = 61640C032B90CDF20089E172 /* ProfessionalSkills.swift */; };
		616B49FF2B692735006EB65E /* NameEnteringView.swift in Sources */ = {isa = PBXBuildFile; fileRef = 616B49FE2B692735006EB65E /* NameEnteringView.swift */; };
		616B4A022B6930CF006EB65E /* Lora-Regular.ttf in Resources */ = {isa = PBXBuildFile; fileRef = 616B4A012B6930CF006EB65E /* Lora-Regular.ttf */; };
		616B4A042B6938E1006EB65E /* Marcellus-Regular.ttf in Resources */ = {isa = PBXBuildFile; fileRef = 616B4A032B6938E1006EB65E /* Marcellus-Regular.ttf */; };
		616B71672BA22B04006B92CB /* CustomerProfileView.swift in Sources */ = {isa = PBXBuildFile; fileRef = 616B71662BA22B04006B92CB /* CustomerProfileView.swift */; };
		61730B642B51553F0063C9CE /* Creative_MirApp.swift in Sources */ = {isa = PBXBuildFile; fileRef = 61730B632B51553F0063C9CE /* Creative_MirApp.swift */; };
		61730B662B51553F0063C9CE /* ContentView.swift in Sources */ = {isa = PBXBuildFile; fileRef = 61730B652B51553F0063C9CE /* ContentView.swift */; };
		61730B682B5155430063C9CE /* Assets.xcassets in Resources */ = {isa = PBXBuildFile; fileRef = 61730B672B5155430063C9CE /* Assets.xcassets */; };
		61730B6C2B5155430063C9CE /* Preview Assets.xcassets in Resources */ = {isa = PBXBuildFile; fileRef = 61730B6B2B5155430063C9CE /* Preview Assets.xcassets */; };
		61730B732B5158E80063C9CE /* SignUpView.swift in Sources */ = {isa = PBXBuildFile; fileRef = 61730B722B5158E80063C9CE /* SignUpView.swift */; };
		617B13A52B9497950074BE04 /* AddingBuildingLocationView.swift in Sources */ = {isa = PBXBuildFile; fileRef = 617B13A42B9497950074BE04 /* AddingBuildingLocationView.swift */; };
		617B13A72B949EEC0074BE04 /* FullAddressViewModel.swift in Sources */ = {isa = PBXBuildFile; fileRef = 617B13A62B949EEC0074BE04 /* FullAddressViewModel.swift */; };
		617B13A92B94A1060074BE04 /* FullAddressLokupView.swift in Sources */ = {isa = PBXBuildFile; fileRef = 617B13A82B94A1060074BE04 /* FullAddressLokupView.swift */; };
		61A2C8212BA36E510022ED7A /* SupplierProfileView.swift in Sources */ = {isa = PBXBuildFile; fileRef = 61A2C8202BA36E510022ED7A /* SupplierProfileView.swift */; };
		61A2C8242BA36FC10022ED7A /* VenueProfileView.swift in Sources */ = {isa = PBXBuildFile; fileRef = 61A2C8232BA36FC10022ED7A /* VenueProfileView.swift */; };
		61A699362B9B88A30027138F /* IdeasViewModel.swift in Sources */ = {isa = PBXBuildFile; fileRef = 61A699352B9B88A30027138F /* IdeasViewModel.swift */; };
		61A699382B9BAFBE0027138F /* IdeaCategoryView.swift in Sources */ = {isa = PBXBuildFile; fileRef = 61A699372B9BAFBE0027138F /* IdeaCategoryView.swift */; };
		61A6993A2B9BAFF40027138F /* IdeasCategoryViewModel.swift in Sources */ = {isa = PBXBuildFile; fileRef = 61A699392B9BAFF40027138F /* IdeasCategoryViewModel.swift */; };
		61A6993C2B9BB0EF0027138F /* MWIdeaCategory.swift in Sources */ = {isa = PBXBuildFile; fileRef = 61A6993B2B9BB0EF0027138F /* MWIdeaCategory.swift */; };
		61A6993E2B9BB5BA0027138F /* CategoryCell.swift in Sources */ = {isa = PBXBuildFile; fileRef = 61A6993D2B9BB5BA0027138F /* CategoryCell.swift */; };
		61A815A62B57CBD40072971A /* AutorizationFields.swift in Sources */ = {isa = PBXBuildFile; fileRef = 61A815A52B57CBD40072971A /* AutorizationFields.swift */; };
		61A815A92B57D3BD0072971A /* SignInView.swift in Sources */ = {isa = PBXBuildFile; fileRef = 61A815A82B57D3BD0072971A /* SignInView.swift */; };
		61A815AB2B57DD320072971A /* RoleChoosingView.swift in Sources */ = {isa = PBXBuildFile; fileRef = 61A815AA2B57DD320072971A /* RoleChoosingView.swift */; };
		61A815AD2B57EC1F0072971A /* GoogleService-Info.plist in Resources */ = {isa = PBXBuildFile; fileRef = 61A815AC2B57EC1F0072971A /* GoogleService-Info.plist */; };
		61A815B02B57F0000072971A /* FirebaseAnalytics in Frameworks */ = {isa = PBXBuildFile; productRef = 61A815AF2B57F0000072971A /* FirebaseAnalytics */; };
		61A815B22B57F0000072971A /* FirebaseAnalyticsOnDeviceConversion in Frameworks */ = {isa = PBXBuildFile; productRef = 61A815B12B57F0000072971A /* FirebaseAnalyticsOnDeviceConversion */; };
		61A815B42B57F0000072971A /* FirebaseAnalyticsSwift in Frameworks */ = {isa = PBXBuildFile; productRef = 61A815B32B57F0000072971A /* FirebaseAnalyticsSwift */; };
		61A815B62B57F0000072971A /* FirebaseAnalyticsWithoutAdIdSupport in Frameworks */ = {isa = PBXBuildFile; productRef = 61A815B52B57F0000072971A /* FirebaseAnalyticsWithoutAdIdSupport */; };
		61A815B82B57F0000072971A /* FirebaseAppCheck in Frameworks */ = {isa = PBXBuildFile; productRef = 61A815B72B57F0000072971A /* FirebaseAppCheck */; };
		61A815BA2B57F0000072971A /* FirebaseAppDistribution-Beta in Frameworks */ = {isa = PBXBuildFile; productRef = 61A815B92B57F0000072971A /* FirebaseAppDistribution-Beta */; };
		61A815BC2B57F0000072971A /* FirebaseAuth in Frameworks */ = {isa = PBXBuildFile; productRef = 61A815BB2B57F0000072971A /* FirebaseAuth */; };
		61A815BE2B57F0000072971A /* FirebaseAuthCombine-Community in Frameworks */ = {isa = PBXBuildFile; productRef = 61A815BD2B57F0000072971A /* FirebaseAuthCombine-Community */; };
		61A815C02B57F0000072971A /* FirebaseCrashlytics in Frameworks */ = {isa = PBXBuildFile; productRef = 61A815BF2B57F0000072971A /* FirebaseCrashlytics */; };
		61A815C22B57F0000072971A /* FirebaseDatabase in Frameworks */ = {isa = PBXBuildFile; productRef = 61A815C12B57F0000072971A /* FirebaseDatabase */; };
		61A815C42B57F0000072971A /* FirebaseDatabaseSwift in Frameworks */ = {isa = PBXBuildFile; productRef = 61A815C32B57F0000072971A /* FirebaseDatabaseSwift */; };
		61A815C62B57F0000072971A /* FirebaseDynamicLinks in Frameworks */ = {isa = PBXBuildFile; productRef = 61A815C52B57F0000072971A /* FirebaseDynamicLinks */; };
		61A815C82B57F0000072971A /* FirebaseFirestore in Frameworks */ = {isa = PBXBuildFile; productRef = 61A815C72B57F0000072971A /* FirebaseFirestore */; };
		61A815CA2B57F0000072971A /* FirebaseFirestoreCombine-Community in Frameworks */ = {isa = PBXBuildFile; productRef = 61A815C92B57F0000072971A /* FirebaseFirestoreCombine-Community */; };
		61A815CC2B57F0000072971A /* FirebaseFirestoreSwift in Frameworks */ = {isa = PBXBuildFile; productRef = 61A815CB2B57F0000072971A /* FirebaseFirestoreSwift */; };
		61A815CE2B57F0000072971A /* FirebaseFunctions in Frameworks */ = {isa = PBXBuildFile; productRef = 61A815CD2B57F0000072971A /* FirebaseFunctions */; };
		61A815D02B57F0000072971A /* FirebaseFunctionsCombine-Community in Frameworks */ = {isa = PBXBuildFile; productRef = 61A815CF2B57F0000072971A /* FirebaseFunctionsCombine-Community */; };
		61A815D22B57F0000072971A /* FirebaseInAppMessaging-Beta in Frameworks */ = {isa = PBXBuildFile; productRef = 61A815D12B57F0000072971A /* FirebaseInAppMessaging-Beta */; };
		61A815D42B57F0000072971A /* FirebaseInAppMessagingSwift-Beta in Frameworks */ = {isa = PBXBuildFile; productRef = 61A815D32B57F0000072971A /* FirebaseInAppMessagingSwift-Beta */; };
		61A815D62B57F0000072971A /* FirebaseInstallations in Frameworks */ = {isa = PBXBuildFile; productRef = 61A815D52B57F0000072971A /* FirebaseInstallations */; };
		61A815D82B57F0000072971A /* FirebaseMLModelDownloader in Frameworks */ = {isa = PBXBuildFile; productRef = 61A815D72B57F0000072971A /* FirebaseMLModelDownloader */; };
		61A815DA2B57F0000072971A /* FirebaseMessaging in Frameworks */ = {isa = PBXBuildFile; productRef = 61A815D92B57F0000072971A /* FirebaseMessaging */; };
		61A815DC2B57F0000072971A /* FirebasePerformance in Frameworks */ = {isa = PBXBuildFile; productRef = 61A815DB2B57F0000072971A /* FirebasePerformance */; };
		61A815DE2B57F0000072971A /* FirebaseRemoteConfig in Frameworks */ = {isa = PBXBuildFile; productRef = 61A815DD2B57F0000072971A /* FirebaseRemoteConfig */; };
		61A815E02B57F0000072971A /* FirebaseRemoteConfigSwift in Frameworks */ = {isa = PBXBuildFile; productRef = 61A815DF2B57F0000072971A /* FirebaseRemoteConfigSwift */; };
		61A815E22B57F0000072971A /* FirebaseStorage in Frameworks */ = {isa = PBXBuildFile; productRef = 61A815E12B57F0000072971A /* FirebaseStorage */; };
		61A815E42B57F0000072971A /* FirebaseStorageCombine-Community in Frameworks */ = {isa = PBXBuildFile; productRef = 61A815E32B57F0000072971A /* FirebaseStorageCombine-Community */; };
		61A815E62B57F2AD0072971A /* AuthService.swift in Sources */ = {isa = PBXBuildFile; fileRef = 61A815E52B57F2AD0072971A /* AuthService.swift */; };
		61A815EA2B593A910072971A /* SwiftKeychainWrapper in Frameworks */ = {isa = PBXBuildFile; productRef = 61A815E92B593A910072971A /* SwiftKeychainWrapper */; };
		61ACBA952B8C849F0037EC2B /* PhotoPickerView.swift in Sources */ = {isa = PBXBuildFile; fileRef = 61ACBA942B8C849F0037EC2B /* PhotoPickerView.swift */; };
		61ACBA982B8C8C960037EC2B /* PhotoPickerViewModel.swift in Sources */ = {isa = PBXBuildFile; fileRef = 61ACBA972B8C8C960037EC2B /* PhotoPickerViewModel.swift */; };
		61ACBA9A2B8C8EA10037EC2B /* PhotoSourcePicker.swift in Sources */ = {isa = PBXBuildFile; fileRef = 61ACBA992B8C8EA10037EC2B /* PhotoSourcePicker.swift */; };
		61ACBA9C2B8C8FD60037EC2B /* SelectingProfilePhotoView.swift in Sources */ = {isa = PBXBuildFile; fileRef = 61ACBA9B2B8C8FD60037EC2B /* SelectingProfilePhotoView.swift */; };
		61ACBA9E2B8C904D0037EC2B /* ImagePicker.swift in Sources */ = {isa = PBXBuildFile; fileRef = 61ACBA9D2B8C904D0037EC2B /* ImagePicker.swift */; };
		61ACBAA72B8CA9FD0037EC2B /* InformationAboutSupplierView.swift in Sources */ = {isa = PBXBuildFile; fileRef = 61ACBAA62B8CA9FD0037EC2B /* InformationAboutSupplierView.swift */; };
		61B7BFB72B91FDCF00AD6F6D /* ProfessionInputView.swift in Sources */ = {isa = PBXBuildFile; fileRef = 61B7BFB62B91FDCF00AD6F6D /* ProfessionInputView.swift */; };
		61C626212B931D9C00BBC6F0 /* Filemanager+Extension.swift in Sources */ = {isa = PBXBuildFile; fileRef = 61C626202B931D9C00BBC6F0 /* Filemanager+Extension.swift */; };
		61C626232B931DF400BBC6F0 /* MyImageError.swift in Sources */ = {isa = PBXBuildFile; fileRef = 61C626222B931DF400BBC6F0 /* MyImageError.swift */; };
		61C626252B931E4300BBC6F0 /* MyImage.swift in Sources */ = {isa = PBXBuildFile; fileRef = 61C626242B931E4300BBC6F0 /* MyImage.swift */; };
		61C626272B93355E00BBC6F0 /* UpploadPhotoFromWork + Extension.swift in Sources */ = {isa = PBXBuildFile; fileRef = 61C626262B93355E00BBC6F0 /* UpploadPhotoFromWork + Extension.swift */; };
		61D7D1422B51C0C500BA0A26 /* PlayfairDisplay-Medium.ttf in Resources */ = {isa = PBXBuildFile; fileRef = 61D7D1412B51C0C500BA0A26 /* PlayfairDisplay-Medium.ttf */; };
		61D7D1452B51CAA900BA0A26 /* Futura-pt-light.ttf in Resources */ = {isa = PBXBuildFile; fileRef = 61D7D1442B51CAA900BA0A26 /* Futura-pt-light.ttf */; };
		61D7D1482B51CC5E00BA0A26 /* OpenSans-Regular.ttf in Resources */ = {isa = PBXBuildFile; fileRef = 61D7D1462B51CC5E00BA0A26 /* OpenSans-Regular.ttf */; };
		61D7D1492B51CC5E00BA0A26 /* OpenSans-Light.ttf in Resources */ = {isa = PBXBuildFile; fileRef = 61D7D1472B51CC5E00BA0A26 /* OpenSans-Light.ttf */; };
		61DCB7A02B8DFFD800D97C7F /* letsAddYourFirstAdvertismentView.swift in Sources */ = {isa = PBXBuildFile; fileRef = 61DCB79F2B8DFFD800D97C7F /* letsAddYourFirstAdvertismentView.swift */; };
		61EBFEB82B6A439300526020 /* NavigationCustomView.swift in Sources */ = {isa = PBXBuildFile; fileRef = 61EBFEB72B6A439300526020 /* NavigationCustomView.swift */; };
		61EBFEBB2B6A4E2E00526020 /* CustomNextButtonsView.swift in Sources */ = {isa = PBXBuildFile; fileRef = 61EBFEBA2B6A4E2E00526020 /* CustomNextButtonsView.swift */; };
		61EBFEBD2B6A4EA000526020 /* CustomTextViews.swift in Sources */ = {isa = PBXBuildFile; fileRef = 61EBFEBC2B6A4EA000526020 /* CustomTextViews.swift */; };
		61EBFEBF2B6A661000526020 /* BirthdateEnteringView.swift in Sources */ = {isa = PBXBuildFile; fileRef = 61EBFEBE2B6A661000526020 /* BirthdateEnteringView.swift */; };
		61EBFEC12B6A984900526020 /* AdressSelectionView.swift in Sources */ = {isa = PBXBuildFile; fileRef = 61EBFEC02B6A984900526020 /* AdressSelectionView.swift */; };
		61FA4A3B2B5A68EC00551852 /* ForgotPasswordView.swift in Sources */ = {isa = PBXBuildFile; fileRef = 61FA4A3A2B5A68EB00551852 /* ForgotPasswordView.swift */; };
		61FAA9652B5FD05A00F8BEE6 /* UserEnums.swift in Sources */ = {isa = PBXBuildFile; fileRef = 61FAA9642B5FD05A00F8BEE6 /* UserEnums.swift */; };
		61FAA9672B5FD6E900F8BEE6 /* DatabaseService.swift in Sources */ = {isa = PBXBuildFile; fileRef = 61FAA9662B5FD6E900F8BEE6 /* DatabaseService.swift */; };
/* End PBXBuildFile section */

/* Begin PBXFileReference section */
		610217202B9767D60087DCF8 /* MWVenue.swift */ = {isa = PBXFileReference; lastKnownFileType = sourcecode.swift; path = MWVenue.swift; sourceTree = "<group>"; };
		610217222B9771DA0087DCF8 /* MWCustomer.swift */ = {isa = PBXFileReference; lastKnownFileType = sourcecode.swift; path = MWCustomer.swift; sourceTree = "<group>"; };
		610267772B8FB5AD0071C1F3 /* LegalUserInfoView.swift */ = {isa = PBXFileReference; lastKnownFileType = sourcecode.swift; path = LegalUserInfoView.swift; sourceTree = "<group>"; };
		610D8F632B95C73E00C92799 /* MWUser.swift */ = {isa = PBXFileReference; lastKnownFileType = sourcecode.swift; path = MWUser.swift; sourceTree = "<group>"; };
		610D8F652B96364800C92799 /* MWSupplier.swift */ = {isa = PBXFileReference; lastKnownFileType = sourcecode.swift; path = MWSupplier.swift; sourceTree = "<group>"; };
		611C5D7A2BA083880051BEF1 /* StorageService.swift */ = {isa = PBXFileReference; lastKnownFileType = sourcecode.swift; path = StorageService.swift; sourceTree = "<group>"; };
		611D14212BA1CA4C000C224B /* IdeaCard.swift */ = {isa = PBXFileReference; lastKnownFileType = sourcecode.swift; path = IdeaCard.swift; sourceTree = "<group>"; };
		612C75802B99ADEC0081E003 /* CustomTabBar.swift */ = {isa = PBXFileReference; lastKnownFileType = sourcecode.swift; path = CustomTabBar.swift; sourceTree = "<group>"; };
		612C75822B99AE130081E003 /* RootView.swift */ = {isa = PBXFileReference; lastKnownFileType = sourcecode.swift; path = RootView.swift; sourceTree = "<group>"; };
		612C75842B99B9580081E003 /* IdeasView.swift */ = {isa = PBXFileReference; lastKnownFileType = sourcecode.swift; path = IdeasView.swift; sourceTree = "<group>"; };
		612C75892B99D5320081E003 /* MWIdea.swift */ = {isa = PBXFileReference; lastKnownFileType = sourcecode.swift; path = MWIdea.swift; sourceTree = "<group>"; };
		612C758B2B99EE6A0081E003 /* TopBar.swift */ = {isa = PBXFileReference; lastKnownFileType = sourcecode.swift; path = TopBar.swift; sourceTree = "<group>"; };
		612C758D2B9A0E1E0081E003 /* IdeaCell.swift */ = {isa = PBXFileReference; lastKnownFileType = sourcecode.swift; path = IdeaCell.swift; sourceTree = "<group>"; };
		6136A1552B52E4DF00E47975 /* Validatior.swift */ = {isa = PBXFileReference; lastKnownFileType = sourcecode.swift; path = Validatior.swift; sourceTree = "<group>"; };
		61434B4C2B8779E500370524 /* PlaceLookupView.swift */ = {isa = PBXFileReference; lastKnownFileType = sourcecode.swift; path = PlaceLookupView.swift; sourceTree = "<group>"; };
		61434B4E2B877B5B00370524 /* Place.swift */ = {isa = PBXFileReference; lastKnownFileType = sourcecode.swift; path = Place.swift; sourceTree = "<group>"; };
		61434B502B877E8100370524 /* PlaceViewModel.swift */ = {isa = PBXFileReference; lastKnownFileType = sourcecode.swift; path = PlaceViewModel.swift; sourceTree = "<group>"; };
		61434B522B87828500370524 /* LocationManager.swift */ = {isa = PBXFileReference; lastKnownFileType = sourcecode.swift; path = LocationManager.swift; sourceTree = "<group>"; };
		6160981C2B9216C700EDF358 /* UpploadPhotoFromWork.swift */ = {isa = PBXFileReference; lastKnownFileType = sourcecode.swift; path = UpploadPhotoFromWork.swift; sourceTree = "<group>"; };
		61640C002B90803D0089E172 /* StageNameInfoView.swift */ = {isa = PBXFileReference; lastKnownFileType = sourcecode.swift; path = StageNameInfoView.swift; sourceTree = "<group>"; };
		61640C032B90CDF20089E172 /* ProfessionalSkills.swift */ = {isa = PBXFileReference; lastKnownFileType = sourcecode.swift; path = ProfessionalSkills.swift; sourceTree = "<group>"; };
		616B49FE2B692735006EB65E /* NameEnteringView.swift */ = {isa = PBXFileReference; lastKnownFileType = sourcecode.swift; path = NameEnteringView.swift; sourceTree = "<group>"; };
		616B4A012B6930CF006EB65E /* Lora-Regular.ttf */ = {isa = PBXFileReference; lastKnownFileType = file; path = "Lora-Regular.ttf"; sourceTree = "<group>"; };
		616B4A032B6938E1006EB65E /* Marcellus-Regular.ttf */ = {isa = PBXFileReference; lastKnownFileType = file; path = "Marcellus-Regular.ttf"; sourceTree = "<group>"; };
		616B71662BA22B04006B92CB /* CustomerProfileView.swift */ = {isa = PBXFileReference; lastKnownFileType = sourcecode.swift; path = CustomerProfileView.swift; sourceTree = "<group>"; };
		61730B602B51553F0063C9CE /* Creative-Mir.app */ = {isa = PBXFileReference; explicitFileType = wrapper.application; includeInIndex = 0; path = "Creative-Mir.app"; sourceTree = BUILT_PRODUCTS_DIR; };
		61730B632B51553F0063C9CE /* Creative_MirApp.swift */ = {isa = PBXFileReference; lastKnownFileType = sourcecode.swift; path = Creative_MirApp.swift; sourceTree = "<group>"; };
		61730B652B51553F0063C9CE /* ContentView.swift */ = {isa = PBXFileReference; lastKnownFileType = sourcecode.swift; path = ContentView.swift; sourceTree = "<group>"; };
		61730B672B5155430063C9CE /* Assets.xcassets */ = {isa = PBXFileReference; lastKnownFileType = folder.assetcatalog; path = Assets.xcassets; sourceTree = "<group>"; };
		61730B692B5155430063C9CE /* Creative_Mir.entitlements */ = {isa = PBXFileReference; lastKnownFileType = text.plist.entitlements; path = Creative_Mir.entitlements; sourceTree = "<group>"; };
		61730B6B2B5155430063C9CE /* Preview Assets.xcassets */ = {isa = PBXFileReference; lastKnownFileType = folder.assetcatalog; path = "Preview Assets.xcassets"; sourceTree = "<group>"; };
		61730B722B5158E80063C9CE /* SignUpView.swift */ = {isa = PBXFileReference; lastKnownFileType = sourcecode.swift; path = SignUpView.swift; sourceTree = "<group>"; };
		617B13A42B9497950074BE04 /* AddingBuildingLocationView.swift */ = {isa = PBXFileReference; lastKnownFileType = sourcecode.swift; path = AddingBuildingLocationView.swift; sourceTree = "<group>"; };
		617B13A62B949EEC0074BE04 /* FullAddressViewModel.swift */ = {isa = PBXFileReference; lastKnownFileType = sourcecode.swift; path = FullAddressViewModel.swift; sourceTree = "<group>"; };
		617B13A82B94A1060074BE04 /* FullAddressLokupView.swift */ = {isa = PBXFileReference; lastKnownFileType = sourcecode.swift; path = FullAddressLokupView.swift; sourceTree = "<group>"; };
		61A2C8202BA36E510022ED7A /* SupplierProfileView.swift */ = {isa = PBXFileReference; lastKnownFileType = sourcecode.swift; path = SupplierProfileView.swift; sourceTree = "<group>"; };
		61A2C8232BA36FC10022ED7A /* VenueProfileView.swift */ = {isa = PBXFileReference; lastKnownFileType = sourcecode.swift; path = VenueProfileView.swift; sourceTree = "<group>"; };
		61A699352B9B88A30027138F /* IdeasViewModel.swift */ = {isa = PBXFileReference; lastKnownFileType = sourcecode.swift; path = IdeasViewModel.swift; sourceTree = "<group>"; };
		61A699372B9BAFBE0027138F /* IdeaCategoryView.swift */ = {isa = PBXFileReference; lastKnownFileType = sourcecode.swift; path = IdeaCategoryView.swift; sourceTree = "<group>"; };
		61A699392B9BAFF40027138F /* IdeasCategoryViewModel.swift */ = {isa = PBXFileReference; lastKnownFileType = sourcecode.swift; path = IdeasCategoryViewModel.swift; sourceTree = "<group>"; };
		61A6993B2B9BB0EF0027138F /* MWIdeaCategory.swift */ = {isa = PBXFileReference; lastKnownFileType = sourcecode.swift; path = MWIdeaCategory.swift; sourceTree = "<group>"; };
		61A6993D2B9BB5BA0027138F /* CategoryCell.swift */ = {isa = PBXFileReference; lastKnownFileType = sourcecode.swift; path = CategoryCell.swift; sourceTree = "<group>"; };
		61A815A52B57CBD40072971A /* AutorizationFields.swift */ = {isa = PBXFileReference; lastKnownFileType = sourcecode.swift; path = AutorizationFields.swift; sourceTree = "<group>"; };
		61A815A82B57D3BD0072971A /* SignInView.swift */ = {isa = PBXFileReference; lastKnownFileType = sourcecode.swift; path = SignInView.swift; sourceTree = "<group>"; };
		61A815AA2B57DD320072971A /* RoleChoosingView.swift */ = {isa = PBXFileReference; lastKnownFileType = sourcecode.swift; path = RoleChoosingView.swift; sourceTree = "<group>"; };
		61A815AC2B57EC1F0072971A /* GoogleService-Info.plist */ = {isa = PBXFileReference; fileEncoding = 4; lastKnownFileType = text.plist.xml; path = "GoogleService-Info.plist"; sourceTree = "<group>"; };
		61A815E52B57F2AD0072971A /* AuthService.swift */ = {isa = PBXFileReference; lastKnownFileType = sourcecode.swift; path = AuthService.swift; sourceTree = "<group>"; };
		61ACBA942B8C849F0037EC2B /* PhotoPickerView.swift */ = {isa = PBXFileReference; lastKnownFileType = sourcecode.swift; path = PhotoPickerView.swift; sourceTree = "<group>"; };
		61ACBA972B8C8C960037EC2B /* PhotoPickerViewModel.swift */ = {isa = PBXFileReference; lastKnownFileType = sourcecode.swift; path = PhotoPickerViewModel.swift; sourceTree = "<group>"; };
		61ACBA992B8C8EA10037EC2B /* PhotoSourcePicker.swift */ = {isa = PBXFileReference; lastKnownFileType = sourcecode.swift; path = PhotoSourcePicker.swift; sourceTree = "<group>"; };
		61ACBA9B2B8C8FD60037EC2B /* SelectingProfilePhotoView.swift */ = {isa = PBXFileReference; lastKnownFileType = sourcecode.swift; path = SelectingProfilePhotoView.swift; sourceTree = "<group>"; };
		61ACBA9D2B8C904D0037EC2B /* ImagePicker.swift */ = {isa = PBXFileReference; lastKnownFileType = sourcecode.swift; path = ImagePicker.swift; sourceTree = "<group>"; };
		61ACBAA62B8CA9FD0037EC2B /* InformationAboutSupplierView.swift */ = {isa = PBXFileReference; lastKnownFileType = sourcecode.swift; path = InformationAboutSupplierView.swift; sourceTree = "<group>"; };
		61B7BFB62B91FDCF00AD6F6D /* ProfessionInputView.swift */ = {isa = PBXFileReference; lastKnownFileType = sourcecode.swift; path = ProfessionInputView.swift; sourceTree = "<group>"; };
		61C626202B931D9C00BBC6F0 /* Filemanager+Extension.swift */ = {isa = PBXFileReference; lastKnownFileType = sourcecode.swift; path = "Filemanager+Extension.swift"; sourceTree = "<group>"; };
		61C626222B931DF400BBC6F0 /* MyImageError.swift */ = {isa = PBXFileReference; lastKnownFileType = sourcecode.swift; path = MyImageError.swift; sourceTree = "<group>"; };
		61C626242B931E4300BBC6F0 /* MyImage.swift */ = {isa = PBXFileReference; lastKnownFileType = sourcecode.swift; path = MyImage.swift; sourceTree = "<group>"; };
		61C626262B93355E00BBC6F0 /* UpploadPhotoFromWork + Extension.swift */ = {isa = PBXFileReference; lastKnownFileType = sourcecode.swift; path = "UpploadPhotoFromWork + Extension.swift"; sourceTree = "<group>"; };
		61D7D1412B51C0C500BA0A26 /* PlayfairDisplay-Medium.ttf */ = {isa = PBXFileReference; lastKnownFileType = file; path = "PlayfairDisplay-Medium.ttf"; sourceTree = "<group>"; };
		61D7D1432B51C19000BA0A26 /* Info.plist */ = {isa = PBXFileReference; lastKnownFileType = text.plist; path = Info.plist; sourceTree = "<group>"; };
		61D7D1442B51CAA900BA0A26 /* Futura-pt-light.ttf */ = {isa = PBXFileReference; lastKnownFileType = file; path = "Futura-pt-light.ttf"; sourceTree = "<group>"; };
		61D7D1462B51CC5E00BA0A26 /* OpenSans-Regular.ttf */ = {isa = PBXFileReference; lastKnownFileType = file; path = "OpenSans-Regular.ttf"; sourceTree = "<group>"; };
		61D7D1472B51CC5E00BA0A26 /* OpenSans-Light.ttf */ = {isa = PBXFileReference; lastKnownFileType = file; path = "OpenSans-Light.ttf"; sourceTree = "<group>"; };
		61DCB79F2B8DFFD800D97C7F /* letsAddYourFirstAdvertismentView.swift */ = {isa = PBXFileReference; lastKnownFileType = sourcecode.swift; path = letsAddYourFirstAdvertismentView.swift; sourceTree = "<group>"; };
		61EBFEB72B6A439300526020 /* NavigationCustomView.swift */ = {isa = PBXFileReference; lastKnownFileType = sourcecode.swift; path = NavigationCustomView.swift; sourceTree = "<group>"; };
		61EBFEBA2B6A4E2E00526020 /* CustomNextButtonsView.swift */ = {isa = PBXFileReference; lastKnownFileType = sourcecode.swift; path = CustomNextButtonsView.swift; sourceTree = "<group>"; };
		61EBFEBC2B6A4EA000526020 /* CustomTextViews.swift */ = {isa = PBXFileReference; lastKnownFileType = sourcecode.swift; path = CustomTextViews.swift; sourceTree = "<group>"; };
		61EBFEBE2B6A661000526020 /* BirthdateEnteringView.swift */ = {isa = PBXFileReference; lastKnownFileType = sourcecode.swift; path = BirthdateEnteringView.swift; sourceTree = "<group>"; };
		61EBFEC02B6A984900526020 /* AdressSelectionView.swift */ = {isa = PBXFileReference; lastKnownFileType = sourcecode.swift; path = AdressSelectionView.swift; sourceTree = "<group>"; };
		61FA4A3A2B5A68EB00551852 /* ForgotPasswordView.swift */ = {isa = PBXFileReference; lastKnownFileType = sourcecode.swift; path = ForgotPasswordView.swift; sourceTree = "<group>"; };
		61FAA9642B5FD05A00F8BEE6 /* UserEnums.swift */ = {isa = PBXFileReference; lastKnownFileType = sourcecode.swift; path = UserEnums.swift; sourceTree = "<group>"; };
		61FAA9662B5FD6E900F8BEE6 /* DatabaseService.swift */ = {isa = PBXFileReference; lastKnownFileType = sourcecode.swift; path = DatabaseService.swift; sourceTree = "<group>"; };
/* End PBXFileReference section */

/* Begin PBXFrameworksBuildPhase section */
		61730B5D2B51553F0063C9CE /* Frameworks */ = {
			isa = PBXFrameworksBuildPhase;
			buildActionMask = 2147483647;
			files = (
				61A815C22B57F0000072971A /* FirebaseDatabase in Frameworks */,
				61A815D02B57F0000072971A /* FirebaseFunctionsCombine-Community in Frameworks */,
				61A815C82B57F0000072971A /* FirebaseFirestore in Frameworks */,
				61A815B42B57F0000072971A /* FirebaseAnalyticsSwift in Frameworks */,
				61A815B02B57F0000072971A /* FirebaseAnalytics in Frameworks */,
				61A815B22B57F0000072971A /* FirebaseAnalyticsOnDeviceConversion in Frameworks */,
				61A815EA2B593A910072971A /* SwiftKeychainWrapper in Frameworks */,
				61A815D82B57F0000072971A /* FirebaseMLModelDownloader in Frameworks */,
				61A815CC2B57F0000072971A /* FirebaseFirestoreSwift in Frameworks */,
				61A815B82B57F0000072971A /* FirebaseAppCheck in Frameworks */,
				61A815B62B57F0000072971A /* FirebaseAnalyticsWithoutAdIdSupport in Frameworks */,
				61A815BC2B57F0000072971A /* FirebaseAuth in Frameworks */,
				61A815C02B57F0000072971A /* FirebaseCrashlytics in Frameworks */,
				61A815E02B57F0000072971A /* FirebaseRemoteConfigSwift in Frameworks */,
				61A815D22B57F0000072971A /* FirebaseInAppMessaging-Beta in Frameworks */,
				61A815C42B57F0000072971A /* FirebaseDatabaseSwift in Frameworks */,
				61A815CE2B57F0000072971A /* FirebaseFunctions in Frameworks */,
				61A815E42B57F0000072971A /* FirebaseStorageCombine-Community in Frameworks */,
				61A815DE2B57F0000072971A /* FirebaseRemoteConfig in Frameworks */,
				61A815BA2B57F0000072971A /* FirebaseAppDistribution-Beta in Frameworks */,
				61A815BE2B57F0000072971A /* FirebaseAuthCombine-Community in Frameworks */,
				61A815DC2B57F0000072971A /* FirebasePerformance in Frameworks */,
				61A815D42B57F0000072971A /* FirebaseInAppMessagingSwift-Beta in Frameworks */,
				61A815E22B57F0000072971A /* FirebaseStorage in Frameworks */,
				61A815C62B57F0000072971A /* FirebaseDynamicLinks in Frameworks */,
				61A815CA2B57F0000072971A /* FirebaseFirestoreCombine-Community in Frameworks */,
				61A815DA2B57F0000072971A /* FirebaseMessaging in Frameworks */,
				61A815D62B57F0000072971A /* FirebaseInstallations in Frameworks */,
			);
			runOnlyForDeploymentPostprocessing = 0;
		};
/* End PBXFrameworksBuildPhase section */

/* Begin PBXGroup section */
		612C757F2B99AD3F0081E003 /* Customers'View */ = {
			isa = PBXGroup;
			children = (
				616B71662BA22B04006B92CB /* CustomerProfileView.swift */,
				612C75822B99AE130081E003 /* RootView.swift */,
				612C75842B99B9580081E003 /* IdeasView.swift */,
				612C758D2B9A0E1E0081E003 /* IdeaCell.swift */,
				61A699372B9BAFBE0027138F /* IdeaCategoryView.swift */,
				61A6993D2B9BB5BA0027138F /* CategoryCell.swift */,
				611D14212BA1CA4C000C224B /* IdeaCard.swift */,
			);
			path = "Customers'View";
			sourceTree = "<group>";
		};
		6136A1542B52E4B700E47975 /* Functions */ = {
			isa = PBXGroup;
			children = (
				6136A1552B52E4DF00E47975 /* Validatior.swift */,
			);
			path = Functions;
			sourceTree = "<group>";
		};
		6160981B2B9216AA00EDF358 /* UpploadingPhotoViews */ = {
			isa = PBXGroup;
			children = (
				6160981C2B9216C700EDF358 /* UpploadPhotoFromWork.swift */,
				61C626262B93355E00BBC6F0 /* UpploadPhotoFromWork + Extension.swift */,
			);
			path = UpploadingPhotoViews;
			sourceTree = "<group>";
		};
		61640BFF2B9080040089E172 /* LegalInfoViews */ = {
			isa = PBXGroup;
			children = (
				610267772B8FB5AD0071C1F3 /* LegalUserInfoView.swift */,
				61640C002B90803D0089E172 /* StageNameInfoView.swift */,
			);
			path = LegalInfoViews;
			sourceTree = "<group>";
		};
		61730B572B51553F0063C9CE = {
			isa = PBXGroup;
			children = (
				61730B622B51553F0063C9CE /* Creative-Mir */,
				61730B612B51553F0063C9CE /* Products */,
			);
			sourceTree = "<group>";
		};
		61730B612B51553F0063C9CE /* Products */ = {
			isa = PBXGroup;
			children = (
				61730B602B51553F0063C9CE /* Creative-Mir.app */,
			);
			name = Products;
			sourceTree = "<group>";
		};
		61730B622B51553F0063C9CE /* Creative-Mir */ = {
			isa = PBXGroup;
			children = (
				61C6261F2B931D8200BBC6F0 /* Extensions */,
				618656CA2B89426500E537B1 /* ViewModel */,
				61FAA9632B5FCF3700F8BEE6 /* Model */,
				61A815E72B57F2C60072971A /* Services */,
				61A815A72B57D35B0072971A /* View */,
				6136A1542B52E4B700E47975 /* Functions */,
				61D7D1402B51C08000BA0A26 /* Fonts */,
				61730B632B51553F0063C9CE /* Creative_MirApp.swift */,
				61730B652B51553F0063C9CE /* ContentView.swift */,
				61A815A52B57CBD40072971A /* AutorizationFields.swift */,
				61A815AC2B57EC1F0072971A /* GoogleService-Info.plist */,
				61730B672B5155430063C9CE /* Assets.xcassets */,
				61730B692B5155430063C9CE /* Creative_Mir.entitlements */,
				61D7D1432B51C19000BA0A26 /* Info.plist */,
				61730B6A2B5155430063C9CE /* Preview Content */,
			);
			path = "Creative-Mir";
			sourceTree = "<group>";
		};
		61730B6A2B5155430063C9CE /* Preview Content */ = {
			isa = PBXGroup;
			children = (
				61730B6B2B5155430063C9CE /* Preview Assets.xcassets */,
			);
			path = "Preview Content";
			sourceTree = "<group>";
		};
		617B13A32B9497570074BE04 /* ViewsForVenues */ = {
			isa = PBXGroup;
			children = (
				617B13A42B9497950074BE04 /* AddingBuildingLocationView.swift */,
			);
			path = ViewsForVenues;
			sourceTree = "<group>";
		};
		618656C92B89420400E537B1 /* LocationSelection */ = {
			isa = PBXGroup;
			children = (
				61EBFEC02B6A984900526020 /* AdressSelectionView.swift */,
				61434B4C2B8779E500370524 /* PlaceLookupView.swift */,
				617B13A82B94A1060074BE04 /* FullAddressLokupView.swift */,
			);
			path = LocationSelection;
			sourceTree = "<group>";
		};
		618656CA2B89426500E537B1 /* ViewModel */ = {
			isa = PBXGroup;
			children = (
				61ACBAA12B8C907D0037EC2B /* PhotoProfile */,
				61434B502B877E8100370524 /* PlaceViewModel.swift */,
				617B13A62B949EEC0074BE04 /* FullAddressViewModel.swift */,
				61A699352B9B88A30027138F /* IdeasViewModel.swift */,
				61A699392B9BAFF40027138F /* IdeasCategoryViewModel.swift */,
			);
			path = ViewModel;
			sourceTree = "<group>";
		};
		61A2C81F2BA36E1F0022ED7A /* Suppliers Views */ = {
			isa = PBXGroup;
			children = (
				61A2C8202BA36E510022ED7A /* SupplierProfileView.swift */,
			);
			path = "Suppliers Views";
			sourceTree = "<group>";
		};
		61A2C8222BA36FA90022ED7A /* VenuesViews */ = {
			isa = PBXGroup;
			children = (
				61A2C8232BA36FC10022ED7A /* VenueProfileView.swift */,
			);
			path = VenuesViews;
			sourceTree = "<group>";
		};
		61A815A72B57D35B0072971A /* View */ = {
			isa = PBXGroup;
			children = (
				61EBFEB62B6A437000526020 /* CustomViews */,
				61A2C8222BA36FA90022ED7A /* VenuesViews */,
				61A2C81F2BA36E1F0022ED7A /* Suppliers Views */,
				612C757F2B99AD3F0081E003 /* Customers'View */,
				61FA4A3D2B5A890E00551852 /* SignUp */,
				61FA4A3C2B5A68F500551852 /* Sign In */,
			);
			path = View;
			sourceTree = "<group>";
		};
		61A815E72B57F2C60072971A /* Services */ = {
			isa = PBXGroup;
			children = (
				61ACBA9F2B8C905F0037EC2B /* PhotoProfile */,
				61A815E52B57F2AD0072971A /* AuthService.swift */,
				61FAA9662B5FD6E900F8BEE6 /* DatabaseService.swift */,
				61434B522B87828500370524 /* LocationManager.swift */,
				611C5D7A2BA083880051BEF1 /* StorageService.swift */,
			);
			path = Services;
			sourceTree = "<group>";
		};
		61ACBA962B8C8AD20037EC2B /* PhotoProfile */ = {
			isa = PBXGroup;
			children = (
				61ACBA942B8C849F0037EC2B /* PhotoPickerView.swift */,
				61ACBA9B2B8C8FD60037EC2B /* SelectingProfilePhotoView.swift */,
			);
			path = PhotoProfile;
			sourceTree = "<group>";
		};
		61ACBA9F2B8C905F0037EC2B /* PhotoProfile */ = {
			isa = PBXGroup;
			children = (
				61ACBA9D2B8C904D0037EC2B /* ImagePicker.swift */,
			);
			path = PhotoProfile;
			sourceTree = "<group>";
		};
		61ACBAA02B8C90700037EC2B /* PhotoProfile */ = {
			isa = PBXGroup;
			children = (
				61ACBA992B8C8EA10037EC2B /* PhotoSourcePicker.swift */,
			);
			path = PhotoProfile;
			sourceTree = "<group>";
		};
		61ACBAA12B8C907D0037EC2B /* PhotoProfile */ = {
			isa = PBXGroup;
			children = (
				61ACBA972B8C8C960037EC2B /* PhotoPickerViewModel.swift */,
			);
			path = PhotoProfile;
			sourceTree = "<group>";
		};
		61ACBAA42B8CA96F0037EC2B /* ViewsForAllUsers */ = {
			isa = PBXGroup;
			children = (
				61730B722B5158E80063C9CE /* SignUpView.swift */,
				61A815AA2B57DD320072971A /* RoleChoosingView.swift */,
				616B49FE2B692735006EB65E /* NameEnteringView.swift */,
				61EBFEBE2B6A661000526020 /* BirthdateEnteringView.swift */,
				618656C92B89420400E537B1 /* LocationSelection */,
				61ACBA962B8C8AD20037EC2B /* PhotoProfile */,
			);
			path = ViewsForAllUsers;
			sourceTree = "<group>";
		};
		61ACBAA52B8CA9B00037EC2B /* ViewsForSuppliers */ = {
			isa = PBXGroup;
			children = (
				61640C032B90CDF20089E172 /* ProfessionalSkills.swift */,
				61ACBAA62B8CA9FD0037EC2B /* InformationAboutSupplierView.swift */,
			);
			path = ViewsForSuppliers;
			sourceTree = "<group>";
		};
		61C6261F2B931D8200BBC6F0 /* Extensions */ = {
			isa = PBXGroup;
			children = (
				61C626202B931D9C00BBC6F0 /* Filemanager+Extension.swift */,
			);
			path = Extensions;
			sourceTree = "<group>";
		};
		61D7D1402B51C08000BA0A26 /* Fonts */ = {
			isa = PBXGroup;
			children = (
				616B4A032B6938E1006EB65E /* Marcellus-Regular.ttf */,
				616B4A012B6930CF006EB65E /* Lora-Regular.ttf */,
				61D7D1472B51CC5E00BA0A26 /* OpenSans-Light.ttf */,
				61D7D1462B51CC5E00BA0A26 /* OpenSans-Regular.ttf */,
				61D7D1412B51C0C500BA0A26 /* PlayfairDisplay-Medium.ttf */,
				61D7D1442B51CAA900BA0A26 /* Futura-pt-light.ttf */,
			);
			path = Fonts;
			sourceTree = "<group>";
		};
		61EBFEB62B6A437000526020 /* CustomViews */ = {
			isa = PBXGroup;
			children = (
				61EBFEB72B6A439300526020 /* NavigationCustomView.swift */,
				61EBFEBA2B6A4E2E00526020 /* CustomNextButtonsView.swift */,
				61EBFEBC2B6A4EA000526020 /* CustomTextViews.swift */,
				61B7BFB62B91FDCF00AD6F6D /* ProfessionInputView.swift */,
				612C75802B99ADEC0081E003 /* CustomTabBar.swift */,
				612C758B2B99EE6A0081E003 /* TopBar.swift */,
			);
			path = CustomViews;
			sourceTree = "<group>";
		};
		61FA4A3C2B5A68F500551852 /* Sign In */ = {
			isa = PBXGroup;
			children = (
				61A815A82B57D3BD0072971A /* SignInView.swift */,
				61FA4A3A2B5A68EB00551852 /* ForgotPasswordView.swift */,
			);
			path = "Sign In";
			sourceTree = "<group>";
		};
		61FA4A3D2B5A890E00551852 /* SignUp */ = {
			isa = PBXGroup;
			children = (
				61DCB79F2B8DFFD800D97C7F /* letsAddYourFirstAdvertismentView.swift */,
				6160981B2B9216AA00EDF358 /* UpploadingPhotoViews */,
				61640BFF2B9080040089E172 /* LegalInfoViews */,
				61ACBAA52B8CA9B00037EC2B /* ViewsForSuppliers */,
				617B13A32B9497570074BE04 /* ViewsForVenues */,
				61ACBAA42B8CA96F0037EC2B /* ViewsForAllUsers */,
			);
			path = SignUp;
			sourceTree = "<group>";
		};
		61FAA9632B5FCF3700F8BEE6 /* Model */ = {
			isa = PBXGroup;
			children = (
				610D8F632B95C73E00C92799 /* MWUser.swift */,
				610D8F652B96364800C92799 /* MWSupplier.swift */,
				610217202B9767D60087DCF8 /* MWVenue.swift */,
				610217222B9771DA0087DCF8 /* MWCustomer.swift */,
				612C75892B99D5320081E003 /* MWIdea.swift */,
				61A6993B2B9BB0EF0027138F /* MWIdeaCategory.swift */,
				61ACBAA02B8C90700037EC2B /* PhotoProfile */,
				61434B4E2B877B5B00370524 /* Place.swift */,
				61FAA9642B5FD05A00F8BEE6 /* UserEnums.swift */,
				61C626222B931DF400BBC6F0 /* MyImageError.swift */,
				61C626242B931E4300BBC6F0 /* MyImage.swift */,
			);
			path = Model;
			sourceTree = "<group>";
		};
/* End PBXGroup section */

/* Begin PBXNativeTarget section */
		61730B5F2B51553F0063C9CE /* Creative-Mir */ = {
			isa = PBXNativeTarget;
			buildConfigurationList = 61730B6F2B5155430063C9CE /* Build configuration list for PBXNativeTarget "Creative-Mir" */;
			buildPhases = (
				61730B5C2B51553F0063C9CE /* Sources */,
				61730B5D2B51553F0063C9CE /* Frameworks */,
				61730B5E2B51553F0063C9CE /* Resources */,
			);
			buildRules = (
			);
			dependencies = (
			);
			name = "Creative-Mir";
			packageProductDependencies = (
				61A815AF2B57F0000072971A /* FirebaseAnalytics */,
				61A815B12B57F0000072971A /* FirebaseAnalyticsOnDeviceConversion */,
				61A815B32B57F0000072971A /* FirebaseAnalyticsSwift */,
				61A815B52B57F0000072971A /* FirebaseAnalyticsWithoutAdIdSupport */,
				61A815B72B57F0000072971A /* FirebaseAppCheck */,
				61A815B92B57F0000072971A /* FirebaseAppDistribution-Beta */,
				61A815BB2B57F0000072971A /* FirebaseAuth */,
				61A815BD2B57F0000072971A /* FirebaseAuthCombine-Community */,
				61A815BF2B57F0000072971A /* FirebaseCrashlytics */,
				61A815C12B57F0000072971A /* FirebaseDatabase */,
				61A815C32B57F0000072971A /* FirebaseDatabaseSwift */,
				61A815C52B57F0000072971A /* FirebaseDynamicLinks */,
				61A815C72B57F0000072971A /* FirebaseFirestore */,
				61A815C92B57F0000072971A /* FirebaseFirestoreCombine-Community */,
				61A815CB2B57F0000072971A /* FirebaseFirestoreSwift */,
				61A815CD2B57F0000072971A /* FirebaseFunctions */,
				61A815CF2B57F0000072971A /* FirebaseFunctionsCombine-Community */,
				61A815D12B57F0000072971A /* FirebaseInAppMessaging-Beta */,
				61A815D32B57F0000072971A /* FirebaseInAppMessagingSwift-Beta */,
				61A815D52B57F0000072971A /* FirebaseInstallations */,
				61A815D72B57F0000072971A /* FirebaseMLModelDownloader */,
				61A815D92B57F0000072971A /* FirebaseMessaging */,
				61A815DB2B57F0000072971A /* FirebasePerformance */,
				61A815DD2B57F0000072971A /* FirebaseRemoteConfig */,
				61A815DF2B57F0000072971A /* FirebaseRemoteConfigSwift */,
				61A815E12B57F0000072971A /* FirebaseStorage */,
				61A815E32B57F0000072971A /* FirebaseStorageCombine-Community */,
				61A815E92B593A910072971A /* SwiftKeychainWrapper */,
			);
			productName = "Creative-Mir";
			productReference = 61730B602B51553F0063C9CE /* Creative-Mir.app */;
			productType = "com.apple.product-type.application";
		};
/* End PBXNativeTarget section */

/* Begin PBXProject section */
		61730B582B51553F0063C9CE /* Project object */ = {
			isa = PBXProject;
			attributes = {
				BuildIndependentTargetsInParallel = 1;
				LastSwiftUpdateCheck = 1500;
				LastUpgradeCheck = 1500;
				TargetAttributes = {
					61730B5F2B51553F0063C9CE = {
						CreatedOnToolsVersion = 15.0.1;
					};
				};
			};
			buildConfigurationList = 61730B5B2B51553F0063C9CE /* Build configuration list for PBXProject "Creative-Mir" */;
			compatibilityVersion = "Xcode 14.0";
			developmentRegion = en;
			hasScannedForEncodings = 0;
			knownRegions = (
				en,
				Base,
			);
			mainGroup = 61730B572B51553F0063C9CE;
			packageReferences = (
				61A815AE2B57EFFF0072971A /* XCRemoteSwiftPackageReference "firebase-ios-sdk" */,
				61A815E82B593A910072971A /* XCRemoteSwiftPackageReference "SwiftKeychainWrapper" */,
			);
			productRefGroup = 61730B612B51553F0063C9CE /* Products */;
			projectDirPath = "";
			projectRoot = "";
			targets = (
				61730B5F2B51553F0063C9CE /* Creative-Mir */,
			);
		};
/* End PBXProject section */

/* Begin PBXResourcesBuildPhase section */
		61730B5E2B51553F0063C9CE /* Resources */ = {
			isa = PBXResourcesBuildPhase;
			buildActionMask = 2147483647;
			files = (
				61D7D1492B51CC5E00BA0A26 /* OpenSans-Light.ttf in Resources */,
				616B4A042B6938E1006EB65E /* Marcellus-Regular.ttf in Resources */,
				616B4A022B6930CF006EB65E /* Lora-Regular.ttf in Resources */,
				61D7D1482B51CC5E00BA0A26 /* OpenSans-Regular.ttf in Resources */,
				61D7D1452B51CAA900BA0A26 /* Futura-pt-light.ttf in Resources */,
				61730B6C2B5155430063C9CE /* Preview Assets.xcassets in Resources */,
				61D7D1422B51C0C500BA0A26 /* PlayfairDisplay-Medium.ttf in Resources */,
				61730B682B5155430063C9CE /* Assets.xcassets in Resources */,
				61A815AD2B57EC1F0072971A /* GoogleService-Info.plist in Resources */,
			);
			runOnlyForDeploymentPostprocessing = 0;
		};
/* End PBXResourcesBuildPhase section */

/* Begin PBXSourcesBuildPhase section */
		61730B5C2B51553F0063C9CE /* Sources */ = {
			isa = PBXSourcesBuildPhase;
			buildActionMask = 2147483647;
			files = (
				61A815A92B57D3BD0072971A /* SignInView.swift in Sources */,
				61730B662B51553F0063C9CE /* ContentView.swift in Sources */,
				61ACBA9C2B8C8FD60037EC2B /* SelectingProfilePhotoView.swift in Sources */,
				61ACBA9E2B8C904D0037EC2B /* ImagePicker.swift in Sources */,
				617B13A92B94A1060074BE04 /* FullAddressLokupView.swift in Sources */,
				61640C012B90803D0089E172 /* StageNameInfoView.swift in Sources */,
				61434B4D2B8779E500370524 /* PlaceLookupView.swift in Sources */,
				610D8F642B95C73E00C92799 /* MWUser.swift in Sources */,
				61730B732B5158E80063C9CE /* SignUpView.swift in Sources */,
				61C626232B931DF400BBC6F0 /* MyImageError.swift in Sources */,
				61A699382B9BAFBE0027138F /* IdeaCategoryView.swift in Sources */,
				612C75852B99B9580081E003 /* IdeasView.swift in Sources */,
				61C626272B93355E00BBC6F0 /* UpploadPhotoFromWork + Extension.swift in Sources */,
				617B13A72B949EEC0074BE04 /* FullAddressViewModel.swift in Sources */,
				61A699362B9B88A30027138F /* IdeasViewModel.swift in Sources */,
				61EBFEB82B6A439300526020 /* NavigationCustomView.swift in Sources */,
				6136A1562B52E4DF00E47975 /* Validatior.swift in Sources */,
				61A2C8212BA36E510022ED7A /* SupplierProfileView.swift in Sources */,
				61DCB7A02B8DFFD800D97C7F /* letsAddYourFirstAdvertismentView.swift in Sources */,
				61A6993E2B9BB5BA0027138F /* CategoryCell.swift in Sources */,
				61A6993A2B9BAFF40027138F /* IdeasCategoryViewModel.swift in Sources */,
				612C75832B99AE130081E003 /* RootView.swift in Sources */,
				61434B532B87828500370524 /* LocationManager.swift in Sources */,
				61A815A62B57CBD40072971A /* AutorizationFields.swift in Sources */,
				616B49FF2B692735006EB65E /* NameEnteringView.swift in Sources */,
				61C626252B931E4300BBC6F0 /* MyImage.swift in Sources */,
				61EBFEBF2B6A661000526020 /* BirthdateEnteringView.swift in Sources */,
				612C758E2B9A0E1F0081E003 /* IdeaCell.swift in Sources */,
				61ACBAA72B8CA9FD0037EC2B /* InformationAboutSupplierView.swift in Sources */,
				61FAA9672B5FD6E900F8BEE6 /* DatabaseService.swift in Sources */,
				61434B4F2B877B5B00370524 /* Place.swift in Sources */,
				61730B642B51553F0063C9CE /* Creative_MirApp.swift in Sources */,
				611D14222BA1CA4C000C224B /* IdeaCard.swift in Sources */,
				61434B512B877E8100370524 /* PlaceViewModel.swift in Sources */,
				61EBFEC12B6A984900526020 /* AdressSelectionView.swift in Sources */,
				61FAA9652B5FD05A00F8BEE6 /* UserEnums.swift in Sources */,
				612C75812B99ADEC0081E003 /* CustomTabBar.swift in Sources */,
				61ACBA982B8C8C960037EC2B /* PhotoPickerViewModel.swift in Sources */,
				61ACBA9A2B8C8EA10037EC2B /* PhotoSourcePicker.swift in Sources */,
				61A815AB2B57DD320072971A /* RoleChoosingView.swift in Sources */,
				61FA4A3B2B5A68EC00551852 /* ForgotPasswordView.swift in Sources */,
				616B71672BA22B04006B92CB /* CustomerProfileView.swift in Sources */,
				61B7BFB72B91FDCF00AD6F6D /* ProfessionInputView.swift in Sources */,
				617B13A52B9497950074BE04 /* AddingBuildingLocationView.swift in Sources */,
				61A2C8242BA36FC10022ED7A /* VenueProfileView.swift in Sources */,
				61640C042B90CDF20089E172 /* ProfessionalSkills.swift in Sources */,
				611C5D7B2BA083880051BEF1 /* StorageService.swift in Sources */,
				61C626212B931D9C00BBC6F0 /* Filemanager+Extension.swift in Sources */,
				61A6993C2B9BB0EF0027138F /* MWIdeaCategory.swift in Sources */,
				61EBFEBB2B6A4E2E00526020 /* CustomNextButtonsView.swift in Sources */,
				61EBFEBD2B6A4EA000526020 /* CustomTextViews.swift in Sources */,
				61A815E62B57F2AD0072971A /* AuthService.swift in Sources */,
				612C758C2B99EE6A0081E003 /* TopBar.swift in Sources */,
				610217212B9767D60087DCF8 /* MWVenue.swift in Sources */,
				610217232B9771DA0087DCF8 /* MWCustomer.swift in Sources */,
				610267782B8FB5AD0071C1F3 /* LegalUserInfoView.swift in Sources */,
				612C758A2B99D5320081E003 /* MWIdea.swift in Sources */,
				61ACBA952B8C849F0037EC2B /* PhotoPickerView.swift in Sources */,
				6160981D2B9216C700EDF358 /* UpploadPhotoFromWork.swift in Sources */,
				610D8F662B96364800C92799 /* MWSupplier.swift in Sources */,
			);
			runOnlyForDeploymentPostprocessing = 0;
		};
/* End PBXSourcesBuildPhase section */

/* Begin XCBuildConfiguration section */
		61730B6D2B5155430063C9CE /* Debug */ = {
			isa = XCBuildConfiguration;
			buildSettings = {
				ALWAYS_SEARCH_USER_PATHS = NO;
				ASSETCATALOG_COMPILER_GENERATE_SWIFT_ASSET_SYMBOL_EXTENSIONS = YES;
				CLANG_ANALYZER_NONNULL = YES;
				CLANG_ANALYZER_NUMBER_OBJECT_CONVERSION = YES_AGGRESSIVE;
				CLANG_CXX_LANGUAGE_STANDARD = "gnu++20";
				CLANG_ENABLE_MODULES = YES;
				CLANG_ENABLE_OBJC_ARC = YES;
				CLANG_ENABLE_OBJC_WEAK = YES;
				CLANG_WARN_BLOCK_CAPTURE_AUTORELEASING = YES;
				CLANG_WARN_BOOL_CONVERSION = YES;
				CLANG_WARN_COMMA = YES;
				CLANG_WARN_CONSTANT_CONVERSION = YES;
				CLANG_WARN_DEPRECATED_OBJC_IMPLEMENTATIONS = YES;
				CLANG_WARN_DIRECT_OBJC_ISA_USAGE = YES_ERROR;
				CLANG_WARN_DOCUMENTATION_COMMENTS = YES;
				CLANG_WARN_EMPTY_BODY = YES;
				CLANG_WARN_ENUM_CONVERSION = YES;
				CLANG_WARN_INFINITE_RECURSION = YES;
				CLANG_WARN_INT_CONVERSION = YES;
				CLANG_WARN_NON_LITERAL_NULL_CONVERSION = YES;
				CLANG_WARN_OBJC_IMPLICIT_RETAIN_SELF = YES;
				CLANG_WARN_OBJC_LITERAL_CONVERSION = YES;
				CLANG_WARN_OBJC_ROOT_CLASS = YES_ERROR;
				CLANG_WARN_QUOTED_INCLUDE_IN_FRAMEWORK_HEADER = YES;
				CLANG_WARN_RANGE_LOOP_ANALYSIS = YES;
				CLANG_WARN_STRICT_PROTOTYPES = YES;
				CLANG_WARN_SUSPICIOUS_MOVE = YES;
				CLANG_WARN_UNGUARDED_AVAILABILITY = YES_AGGRESSIVE;
				CLANG_WARN_UNREACHABLE_CODE = YES;
				CLANG_WARN__DUPLICATE_METHOD_MATCH = YES;
				COPY_PHASE_STRIP = NO;
				DEBUG_INFORMATION_FORMAT = dwarf;
				ENABLE_STRICT_OBJC_MSGSEND = YES;
				ENABLE_TESTABILITY = YES;
				ENABLE_USER_SCRIPT_SANDBOXING = YES;
				GCC_C_LANGUAGE_STANDARD = gnu17;
				GCC_DYNAMIC_NO_PIC = NO;
				GCC_NO_COMMON_BLOCKS = YES;
				GCC_OPTIMIZATION_LEVEL = 0;
				GCC_PREPROCESSOR_DEFINITIONS = (
					"DEBUG=1",
					"$(inherited)",
				);
				GCC_WARN_64_TO_32_BIT_CONVERSION = YES;
				GCC_WARN_ABOUT_RETURN_TYPE = YES_ERROR;
				GCC_WARN_UNDECLARED_SELECTOR = YES;
				GCC_WARN_UNINITIALIZED_AUTOS = YES_AGGRESSIVE;
				GCC_WARN_UNUSED_FUNCTION = YES;
				GCC_WARN_UNUSED_VARIABLE = YES;
				LOCALIZATION_PREFERS_STRING_CATALOGS = YES;
				MTL_ENABLE_DEBUG_INFO = INCLUDE_SOURCE;
				MTL_FAST_MATH = YES;
				ONLY_ACTIVE_ARCH = YES;
				SWIFT_ACTIVE_COMPILATION_CONDITIONS = "DEBUG $(inherited)";
				SWIFT_OPTIMIZATION_LEVEL = "-Onone";
			};
			name = Debug;
		};
		61730B6E2B5155430063C9CE /* Release */ = {
			isa = XCBuildConfiguration;
			buildSettings = {
				ALWAYS_SEARCH_USER_PATHS = NO;
				ASSETCATALOG_COMPILER_GENERATE_SWIFT_ASSET_SYMBOL_EXTENSIONS = YES;
				CLANG_ANALYZER_NONNULL = YES;
				CLANG_ANALYZER_NUMBER_OBJECT_CONVERSION = YES_AGGRESSIVE;
				CLANG_CXX_LANGUAGE_STANDARD = "gnu++20";
				CLANG_ENABLE_MODULES = YES;
				CLANG_ENABLE_OBJC_ARC = YES;
				CLANG_ENABLE_OBJC_WEAK = YES;
				CLANG_WARN_BLOCK_CAPTURE_AUTORELEASING = YES;
				CLANG_WARN_BOOL_CONVERSION = YES;
				CLANG_WARN_COMMA = YES;
				CLANG_WARN_CONSTANT_CONVERSION = YES;
				CLANG_WARN_DEPRECATED_OBJC_IMPLEMENTATIONS = YES;
				CLANG_WARN_DIRECT_OBJC_ISA_USAGE = YES_ERROR;
				CLANG_WARN_DOCUMENTATION_COMMENTS = YES;
				CLANG_WARN_EMPTY_BODY = YES;
				CLANG_WARN_ENUM_CONVERSION = YES;
				CLANG_WARN_INFINITE_RECURSION = YES;
				CLANG_WARN_INT_CONVERSION = YES;
				CLANG_WARN_NON_LITERAL_NULL_CONVERSION = YES;
				CLANG_WARN_OBJC_IMPLICIT_RETAIN_SELF = YES;
				CLANG_WARN_OBJC_LITERAL_CONVERSION = YES;
				CLANG_WARN_OBJC_ROOT_CLASS = YES_ERROR;
				CLANG_WARN_QUOTED_INCLUDE_IN_FRAMEWORK_HEADER = YES;
				CLANG_WARN_RANGE_LOOP_ANALYSIS = YES;
				CLANG_WARN_STRICT_PROTOTYPES = YES;
				CLANG_WARN_SUSPICIOUS_MOVE = YES;
				CLANG_WARN_UNGUARDED_AVAILABILITY = YES_AGGRESSIVE;
				CLANG_WARN_UNREACHABLE_CODE = YES;
				CLANG_WARN__DUPLICATE_METHOD_MATCH = YES;
				COPY_PHASE_STRIP = NO;
				DEBUG_INFORMATION_FORMAT = "dwarf-with-dsym";
				ENABLE_NS_ASSERTIONS = NO;
				ENABLE_STRICT_OBJC_MSGSEND = YES;
				ENABLE_USER_SCRIPT_SANDBOXING = YES;
				GCC_C_LANGUAGE_STANDARD = gnu17;
				GCC_NO_COMMON_BLOCKS = YES;
				GCC_WARN_64_TO_32_BIT_CONVERSION = YES;
				GCC_WARN_ABOUT_RETURN_TYPE = YES_ERROR;
				GCC_WARN_UNDECLARED_SELECTOR = YES;
				GCC_WARN_UNINITIALIZED_AUTOS = YES_AGGRESSIVE;
				GCC_WARN_UNUSED_FUNCTION = YES;
				GCC_WARN_UNUSED_VARIABLE = YES;
				LOCALIZATION_PREFERS_STRING_CATALOGS = YES;
				MTL_ENABLE_DEBUG_INFO = NO;
				MTL_FAST_MATH = YES;
				SWIFT_COMPILATION_MODE = wholemodule;
			};
			name = Release;
		};
		61730B702B5155430063C9CE /* Debug */ = {
			isa = XCBuildConfiguration;
			buildSettings = {
				ASSETCATALOG_COMPILER_APPICON_NAME = AppIcon;
				ASSETCATALOG_COMPILER_GLOBAL_ACCENT_COLOR_NAME = AccentColor;
				CODE_SIGN_ENTITLEMENTS = "Creative-Mir/Creative_Mir.entitlements";
				CODE_SIGN_STYLE = Automatic;
				CURRENT_PROJECT_VERSION = 1;
				DEVELOPMENT_ASSET_PATHS = "\"Creative-Mir/Preview Content\"";
				ENABLE_PREVIEWS = YES;
				GENERATE_INFOPLIST_FILE = YES;
				INFOPLIST_FILE = "Creative-Mir/Info.plist";
				INFOPLIST_KEY_NSLocationAlwaysAndWhenInUseUsageDescription = "This app requires access to the device's location";
				INFOPLIST_KEY_NSLocationWhenInUseUsageDescription = "This app requires access to the device's location";
				"INFOPLIST_KEY_UIApplicationSceneManifest_Generation[sdk=iphoneos*]" = YES;
				"INFOPLIST_KEY_UIApplicationSceneManifest_Generation[sdk=iphonesimulator*]" = YES;
				"INFOPLIST_KEY_UIApplicationSupportsIndirectInputEvents[sdk=iphoneos*]" = YES;
				"INFOPLIST_KEY_UIApplicationSupportsIndirectInputEvents[sdk=iphonesimulator*]" = YES;
				"INFOPLIST_KEY_UILaunchScreen_Generation[sdk=iphoneos*]" = YES;
				"INFOPLIST_KEY_UILaunchScreen_Generation[sdk=iphonesimulator*]" = YES;
				"INFOPLIST_KEY_UIStatusBarStyle[sdk=iphoneos*]" = UIStatusBarStyleDefault;
				"INFOPLIST_KEY_UIStatusBarStyle[sdk=iphonesimulator*]" = UIStatusBarStyleDefault;
				INFOPLIST_KEY_UISupportedInterfaceOrientations = UIInterfaceOrientationPortrait;
				INFOPLIST_KEY_UISupportedInterfaceOrientations_iPad = "UIInterfaceOrientationPortrait UIInterfaceOrientationPortraitUpsideDown";
				IPHONEOS_DEPLOYMENT_TARGET = 17.0;
				LD_RUNPATH_SEARCH_PATHS = "@executable_path/Frameworks";
				"LD_RUNPATH_SEARCH_PATHS[sdk=macosx*]" = "@executable_path/../Frameworks";
				MACOSX_DEPLOYMENT_TARGET = 14.0;
				MARKETING_VERSION = 1.0;
				PRODUCT_BUNDLE_IDENTIFIER = "com.irinapechik.Creative-Mir";
				PRODUCT_NAME = "$(TARGET_NAME)";
				SDKROOT = auto;
				SUPPORTED_PLATFORMS = "iphoneos iphonesimulator macosx";
				SWIFT_EMIT_LOC_STRINGS = YES;
				SWIFT_VERSION = 5.0;
				TARGETED_DEVICE_FAMILY = "1,2";
			};
			name = Debug;
		};
		61730B712B5155430063C9CE /* Release */ = {
			isa = XCBuildConfiguration;
			buildSettings = {
				ASSETCATALOG_COMPILER_APPICON_NAME = AppIcon;
				ASSETCATALOG_COMPILER_GLOBAL_ACCENT_COLOR_NAME = AccentColor;
				CODE_SIGN_ENTITLEMENTS = "Creative-Mir/Creative_Mir.entitlements";
				CODE_SIGN_STYLE = Automatic;
				CURRENT_PROJECT_VERSION = 1;
				DEVELOPMENT_ASSET_PATHS = "\"Creative-Mir/Preview Content\"";
				ENABLE_PREVIEWS = YES;
				GENERATE_INFOPLIST_FILE = YES;
				INFOPLIST_FILE = "Creative-Mir/Info.plist";
				INFOPLIST_KEY_NSLocationAlwaysAndWhenInUseUsageDescription = "This app requires access to the device's location";
				INFOPLIST_KEY_NSLocationWhenInUseUsageDescription = "This app requires access to the device's location";
				"INFOPLIST_KEY_UIApplicationSceneManifest_Generation[sdk=iphoneos*]" = YES;
				"INFOPLIST_KEY_UIApplicationSceneManifest_Generation[sdk=iphonesimulator*]" = YES;
				"INFOPLIST_KEY_UIApplicationSupportsIndirectInputEvents[sdk=iphoneos*]" = YES;
				"INFOPLIST_KEY_UIApplicationSupportsIndirectInputEvents[sdk=iphonesimulator*]" = YES;
				"INFOPLIST_KEY_UILaunchScreen_Generation[sdk=iphoneos*]" = YES;
				"INFOPLIST_KEY_UILaunchScreen_Generation[sdk=iphonesimulator*]" = YES;
				"INFOPLIST_KEY_UIStatusBarStyle[sdk=iphoneos*]" = UIStatusBarStyleDefault;
				"INFOPLIST_KEY_UIStatusBarStyle[sdk=iphonesimulator*]" = UIStatusBarStyleDefault;
				INFOPLIST_KEY_UISupportedInterfaceOrientations = UIInterfaceOrientationPortrait;
				INFOPLIST_KEY_UISupportedInterfaceOrientations_iPad = "UIInterfaceOrientationPortrait UIInterfaceOrientationPortraitUpsideDown";
				IPHONEOS_DEPLOYMENT_TARGET = 17.0;
				LD_RUNPATH_SEARCH_PATHS = "@executable_path/Frameworks";
				"LD_RUNPATH_SEARCH_PATHS[sdk=macosx*]" = "@executable_path/../Frameworks";
				MACOSX_DEPLOYMENT_TARGET = 14.0;
				MARKETING_VERSION = 1.0;
				PRODUCT_BUNDLE_IDENTIFIER = "com.irinapechik.Creative-Mir";
				PRODUCT_NAME = "$(TARGET_NAME)";
				SDKROOT = auto;
				SUPPORTED_PLATFORMS = "iphoneos iphonesimulator macosx";
				SWIFT_EMIT_LOC_STRINGS = YES;
				SWIFT_VERSION = 5.0;
				TARGETED_DEVICE_FAMILY = "1,2";
			};
			name = Release;
		};
/* End XCBuildConfiguration section */

/* Begin XCConfigurationList section */
		61730B5B2B51553F0063C9CE /* Build configuration list for PBXProject "Creative-Mir" */ = {
			isa = XCConfigurationList;
			buildConfigurations = (
				61730B6D2B5155430063C9CE /* Debug */,
				61730B6E2B5155430063C9CE /* Release */,
			);
			defaultConfigurationIsVisible = 0;
			defaultConfigurationName = Release;
		};
		61730B6F2B5155430063C9CE /* Build configuration list for PBXNativeTarget "Creative-Mir" */ = {
			isa = XCConfigurationList;
			buildConfigurations = (
				61730B702B5155430063C9CE /* Debug */,
				61730B712B5155430063C9CE /* Release */,
			);
			defaultConfigurationIsVisible = 0;
			defaultConfigurationName = Release;
		};
/* End XCConfigurationList section */

/* Begin XCRemoteSwiftPackageReference section */
		61A815AE2B57EFFF0072971A /* XCRemoteSwiftPackageReference "firebase-ios-sdk" */ = {
			isa = XCRemoteSwiftPackageReference;
			repositoryURL = "https://github.com/firebase/firebase-ios-sdk";
			requirement = {
				kind = upToNextMajorVersion;
				minimumVersion = 10.20.0;
			};
		};
		61A815E82B593A910072971A /* XCRemoteSwiftPackageReference "SwiftKeychainWrapper" */ = {
			isa = XCRemoteSwiftPackageReference;
			repositoryURL = "https://github.com/jrendel/SwiftKeychainWrapper";
			requirement = {
				kind = upToNextMajorVersion;
				minimumVersion = 4.0.1;
			};
		};
/* End XCRemoteSwiftPackageReference section */

/* Begin XCSwiftPackageProductDependency section */
		61A815AF2B57F0000072971A /* FirebaseAnalytics */ = {
			isa = XCSwiftPackageProductDependency;
			package = 61A815AE2B57EFFF0072971A /* XCRemoteSwiftPackageReference "firebase-ios-sdk" */;
			productName = FirebaseAnalytics;
		};
		61A815B12B57F0000072971A /* FirebaseAnalyticsOnDeviceConversion */ = {
			isa = XCSwiftPackageProductDependency;
			package = 61A815AE2B57EFFF0072971A /* XCRemoteSwiftPackageReference "firebase-ios-sdk" */;
			productName = FirebaseAnalyticsOnDeviceConversion;
		};
		61A815B32B57F0000072971A /* FirebaseAnalyticsSwift */ = {
			isa = XCSwiftPackageProductDependency;
			package = 61A815AE2B57EFFF0072971A /* XCRemoteSwiftPackageReference "firebase-ios-sdk" */;
			productName = FirebaseAnalyticsSwift;
		};
		61A815B52B57F0000072971A /* FirebaseAnalyticsWithoutAdIdSupport */ = {
			isa = XCSwiftPackageProductDependency;
			package = 61A815AE2B57EFFF0072971A /* XCRemoteSwiftPackageReference "firebase-ios-sdk" */;
			productName = FirebaseAnalyticsWithoutAdIdSupport;
		};
		61A815B72B57F0000072971A /* FirebaseAppCheck */ = {
			isa = XCSwiftPackageProductDependency;
			package = 61A815AE2B57EFFF0072971A /* XCRemoteSwiftPackageReference "firebase-ios-sdk" */;
			productName = FirebaseAppCheck;
		};
		61A815B92B57F0000072971A /* FirebaseAppDistribution-Beta */ = {
			isa = XCSwiftPackageProductDependency;
			package = 61A815AE2B57EFFF0072971A /* XCRemoteSwiftPackageReference "firebase-ios-sdk" */;
			productName = "FirebaseAppDistribution-Beta";
		};
		61A815BB2B57F0000072971A /* FirebaseAuth */ = {
			isa = XCSwiftPackageProductDependency;
			package = 61A815AE2B57EFFF0072971A /* XCRemoteSwiftPackageReference "firebase-ios-sdk" */;
			productName = FirebaseAuth;
		};
		61A815BD2B57F0000072971A /* FirebaseAuthCombine-Community */ = {
			isa = XCSwiftPackageProductDependency;
			package = 61A815AE2B57EFFF0072971A /* XCRemoteSwiftPackageReference "firebase-ios-sdk" */;
			productName = "FirebaseAuthCombine-Community";
		};
		61A815BF2B57F0000072971A /* FirebaseCrashlytics */ = {
			isa = XCSwiftPackageProductDependency;
			package = 61A815AE2B57EFFF0072971A /* XCRemoteSwiftPackageReference "firebase-ios-sdk" */;
			productName = FirebaseCrashlytics;
		};
		61A815C12B57F0000072971A /* FirebaseDatabase */ = {
			isa = XCSwiftPackageProductDependency;
			package = 61A815AE2B57EFFF0072971A /* XCRemoteSwiftPackageReference "firebase-ios-sdk" */;
			productName = FirebaseDatabase;
		};
		61A815C32B57F0000072971A /* FirebaseDatabaseSwift */ = {
			isa = XCSwiftPackageProductDependency;
			package = 61A815AE2B57EFFF0072971A /* XCRemoteSwiftPackageReference "firebase-ios-sdk" */;
			productName = FirebaseDatabaseSwift;
		};
		61A815C52B57F0000072971A /* FirebaseDynamicLinks */ = {
			isa = XCSwiftPackageProductDependency;
			package = 61A815AE2B57EFFF0072971A /* XCRemoteSwiftPackageReference "firebase-ios-sdk" */;
			productName = FirebaseDynamicLinks;
		};
		61A815C72B57F0000072971A /* FirebaseFirestore */ = {
			isa = XCSwiftPackageProductDependency;
			package = 61A815AE2B57EFFF0072971A /* XCRemoteSwiftPackageReference "firebase-ios-sdk" */;
			productName = FirebaseFirestore;
		};
		61A815C92B57F0000072971A /* FirebaseFirestoreCombine-Community */ = {
			isa = XCSwiftPackageProductDependency;
			package = 61A815AE2B57EFFF0072971A /* XCRemoteSwiftPackageReference "firebase-ios-sdk" */;
			productName = "FirebaseFirestoreCombine-Community";
		};
		61A815CB2B57F0000072971A /* FirebaseFirestoreSwift */ = {
			isa = XCSwiftPackageProductDependency;
			package = 61A815AE2B57EFFF0072971A /* XCRemoteSwiftPackageReference "firebase-ios-sdk" */;
			productName = FirebaseFirestoreSwift;
		};
		61A815CD2B57F0000072971A /* FirebaseFunctions */ = {
			isa = XCSwiftPackageProductDependency;
			package = 61A815AE2B57EFFF0072971A /* XCRemoteSwiftPackageReference "firebase-ios-sdk" */;
			productName = FirebaseFunctions;
		};
		61A815CF2B57F0000072971A /* FirebaseFunctionsCombine-Community */ = {
			isa = XCSwiftPackageProductDependency;
			package = 61A815AE2B57EFFF0072971A /* XCRemoteSwiftPackageReference "firebase-ios-sdk" */;
			productName = "FirebaseFunctionsCombine-Community";
		};
		61A815D12B57F0000072971A /* FirebaseInAppMessaging-Beta */ = {
			isa = XCSwiftPackageProductDependency;
			package = 61A815AE2B57EFFF0072971A /* XCRemoteSwiftPackageReference "firebase-ios-sdk" */;
			productName = "FirebaseInAppMessaging-Beta";
		};
		61A815D32B57F0000072971A /* FirebaseInAppMessagingSwift-Beta */ = {
			isa = XCSwiftPackageProductDependency;
			package = 61A815AE2B57EFFF0072971A /* XCRemoteSwiftPackageReference "firebase-ios-sdk" */;
			productName = "FirebaseInAppMessagingSwift-Beta";
		};
		61A815D52B57F0000072971A /* FirebaseInstallations */ = {
			isa = XCSwiftPackageProductDependency;
			package = 61A815AE2B57EFFF0072971A /* XCRemoteSwiftPackageReference "firebase-ios-sdk" */;
			productName = FirebaseInstallations;
		};
		61A815D72B57F0000072971A /* FirebaseMLModelDownloader */ = {
			isa = XCSwiftPackageProductDependency;
			package = 61A815AE2B57EFFF0072971A /* XCRemoteSwiftPackageReference "firebase-ios-sdk" */;
			productName = FirebaseMLModelDownloader;
		};
		61A815D92B57F0000072971A /* FirebaseMessaging */ = {
			isa = XCSwiftPackageProductDependency;
			package = 61A815AE2B57EFFF0072971A /* XCRemoteSwiftPackageReference "firebase-ios-sdk" */;
			productName = FirebaseMessaging;
		};
		61A815DB2B57F0000072971A /* FirebasePerformance */ = {
			isa = XCSwiftPackageProductDependency;
			package = 61A815AE2B57EFFF0072971A /* XCRemoteSwiftPackageReference "firebase-ios-sdk" */;
			productName = FirebasePerformance;
		};
		61A815DD2B57F0000072971A /* FirebaseRemoteConfig */ = {
			isa = XCSwiftPackageProductDependency;
			package = 61A815AE2B57EFFF0072971A /* XCRemoteSwiftPackageReference "firebase-ios-sdk" */;
			productName = FirebaseRemoteConfig;
		};
		61A815DF2B57F0000072971A /* FirebaseRemoteConfigSwift */ = {
			isa = XCSwiftPackageProductDependency;
			package = 61A815AE2B57EFFF0072971A /* XCRemoteSwiftPackageReference "firebase-ios-sdk" */;
			productName = FirebaseRemoteConfigSwift;
		};
		61A815E12B57F0000072971A /* FirebaseStorage */ = {
			isa = XCSwiftPackageProductDependency;
			package = 61A815AE2B57EFFF0072971A /* XCRemoteSwiftPackageReference "firebase-ios-sdk" */;
			productName = FirebaseStorage;
		};
		61A815E32B57F0000072971A /* FirebaseStorageCombine-Community */ = {
			isa = XCSwiftPackageProductDependency;
			package = 61A815AE2B57EFFF0072971A /* XCRemoteSwiftPackageReference "firebase-ios-sdk" */;
			productName = "FirebaseStorageCombine-Community";
		};
		61A815E92B593A910072971A /* SwiftKeychainWrapper */ = {
			isa = XCSwiftPackageProductDependency;
			package = 61A815E82B593A910072971A /* XCRemoteSwiftPackageReference "SwiftKeychainWrapper" */;
			productName = SwiftKeychainWrapper;
		};
/* End XCSwiftPackageProductDependency section */
	};
	rootObject = 61730B582B51553F0063C9CE /* Project object */;
}
